
Microsoft Visual Studio Solution File, Format Version 12.00
# Visual Studio 15
VisualStudioVersion = 15.0.28010.2016
MinimumVisualStudioVersion = 10.0.40219.1
Project("{FAE04EC0-301F-11D3-BF4B-00C04F79EFBC}") = "CarRentalProgram", "CarRentalProgram\CarRentalProgram.csproj", "{160ACDBD-6678-40CB-8C0B-C18B94B5B8AA}"
EndProject
Project("{FAE04EC0-301F-11D3-BF4B-00C04F79EFBC}") = "CarRentalProgram.UnitTests", "CarRentalProgram.UnitTests\CarRentalProgram.UnitTests.csproj", "{00427B74-4863-4FB7-AAF6-27225A715045}"
EndProject
Global
	GlobalSection(SolutionConfigurationPlatforms) = preSolution
		Debug|Any CPU = Debug|Any CPU
		Release|Any CPU = Release|Any CPU
	EndGlobalSection
	GlobalSection(ProjectConfigurationPlatforms) = postSolution
		{160ACDBD-6678-40CB-8C0B-C18B94B5B8AA}.Debug|Any CPU.ActiveCfg = Debug|Any CPU
		{160ACDBD-6678-40CB-8C0B-C18B94B5B8AA}.Debug|Any CPU.Build.0 = Debug|Any CPU
		{160ACDBD-6678-40CB-8C0B-C18B94B5B8AA}.Release|Any CPU.ActiveCfg = Release|Any CPU
		{160ACDBD-6678-40CB-8C0B-C18B94B5B8AA}.Release|Any CPU.Build.0 = Release|Any CPU
		{00427B74-4863-4FB7-AAF6-27225A715045}.Debug|Any CPU.ActiveCfg = Debug|Any CPU
		{00427B74-4863-4FB7-AAF6-27225A715045}.Debug|Any CPU.Build.0 = Debug|Any CPU
		{00427B74-4863-4FB7-AAF6-27225A715045}.Release|Any CPU.ActiveCfg = Release|Any CPU
		{00427B74-4863-4FB7-AAF6-27225A715045}.Release|Any CPU.Build.0 = Release|Any CPU
	EndGlobalSection
	GlobalSection(SolutionProperties) = preSolution
		HideSolutionNode = FALSE
	EndGlobalSection
	GlobalSection(ExtensibilityGlobals) = postSolution
		SolutionGuid = {5685EB3E-C48B-4EA9-9AD4-8020417247E2}
	EndGlobalSection
EndGlobal
